// !$*UTF8*$!
{
	archiveVersion = 1;
	classes = {
	};
	objectVersion = 56;
	objects = {

/* Begin PBXBuildFile section */
		ED026D342B55BBDE003BDCCF /* ImageCachingService.swift in Sources */ = {isa = PBXBuildFile; fileRef = ED026D332B55BBDE003BDCCF /* ImageCachingService.swift */; };
		ED026D382B55C1FB003BDCCF /* ImagesModel.swift in Sources */ = {isa = PBXBuildFile; fileRef = ED026D372B55C1FB003BDCCF /* ImagesModel.swift */; };
		ED026D3A2B55C847003BDCCF /* ProductCell.swift in Sources */ = {isa = PBXBuildFile; fileRef = ED026D392B55C847003BDCCF /* ProductCell.swift */; };
		ED35CA572B50550500481EAC /* s_taskApp.swift in Sources */ = {isa = PBXBuildFile; fileRef = ED35CA562B50550500481EAC /* s_taskApp.swift */; };
		ED35CA592B50550500481EAC /* ProductList.swift in Sources */ = {isa = PBXBuildFile; fileRef = ED35CA582B50550500481EAC /* ProductList.swift */; };
		ED35CA5B2B50550600481EAC /* Assets.xcassets in Resources */ = {isa = PBXBuildFile; fileRef = ED35CA5A2B50550600481EAC /* Assets.xcassets */; };
		ED35CA5E2B50550600481EAC /* Preview Assets.xcassets in Resources */ = {isa = PBXBuildFile; fileRef = ED35CA5D2B50550600481EAC /* Preview Assets.xcassets */; };
		ED35CA662B50554900481EAC /* NetworkService.swift in Sources */ = {isa = PBXBuildFile; fileRef = ED35CA652B50554900481EAC /* NetworkService.swift */; };
		ED4194992B51B7AC009D0E58 /* DrugModel.swift in Sources */ = {isa = PBXBuildFile; fileRef = ED4194982B51B7AC009D0E58 /* DrugModel.swift */; };
		ED4194A02B51D49B009D0E58 /* ProductListViewModel.swift in Sources */ = {isa = PBXBuildFile; fileRef = ED41949F2B51D49B009D0E58 /* ProductListViewModel.swift */; };
		EDBA1C012B570614004BC27F /* ProductDetail.swift in Sources */ = {isa = PBXBuildFile; fileRef = EDBA1C002B570614004BC27F /* ProductDetail.swift */; };
		FD55B6A72B5851A90030B4CD /* ProductDetailViewModel.swift in Sources */ = {isa = PBXBuildFile; fileRef = FD55B6A62B5851A90030B4CD /* ProductDetailViewModel.swift */; };
/* End PBXBuildFile section */

/* Begin PBXFileReference section */
		ED026D332B55BBDE003BDCCF /* ImageCachingService.swift */ = {isa = PBXFileReference; lastKnownFileType = sourcecode.swift; path = ImageCachingService.swift; sourceTree = "<group>"; };
		ED026D372B55C1FB003BDCCF /* ImagesModel.swift */ = {isa = PBXFileReference; lastKnownFileType = sourcecode.swift; path = ImagesModel.swift; sourceTree = "<group>"; };
		ED026D392B55C847003BDCCF /* ProductCell.swift */ = {isa = PBXFileReference; lastKnownFileType = sourcecode.swift; path = ProductCell.swift; sourceTree = "<group>"; };
		ED35CA532B50550500481EAC /* s_task.app */ = {isa = PBXFileReference; explicitFileType = wrapper.application; includeInIndex = 0; path = s_task.app; sourceTree = BUILT_PRODUCTS_DIR; };
		ED35CA562B50550500481EAC /* s_taskApp.swift */ = {isa = PBXFileReference; lastKnownFileType = sourcecode.swift; path = s_taskApp.swift; sourceTree = "<group>"; };
		ED35CA582B50550500481EAC /* ProductList.swift */ = {isa = PBXFileReference; lastKnownFileType = sourcecode.swift; path = ProductList.swift; sourceTree = "<group>"; };
		ED35CA5A2B50550600481EAC /* Assets.xcassets */ = {isa = PBXFileReference; lastKnownFileType = folder.assetcatalog; path = Assets.xcassets; sourceTree = "<group>"; };
		ED35CA5D2B50550600481EAC /* Preview Assets.xcassets */ = {isa = PBXFileReference; lastKnownFileType = folder.assetcatalog; path = "Preview Assets.xcassets"; sourceTree = "<group>"; };
		ED35CA652B50554900481EAC /* NetworkService.swift */ = {isa = PBXFileReference; lastKnownFileType = sourcecode.swift; path = NetworkService.swift; sourceTree = "<group>"; };
		ED4194982B51B7AC009D0E58 /* DrugModel.swift */ = {isa = PBXFileReference; lastKnownFileType = sourcecode.swift; path = DrugModel.swift; sourceTree = "<group>"; };
		ED41949C2B51D3B9009D0E58 /* s-task-Info.plist */ = {isa = PBXFileReference; lastKnownFileType = text.plist; path = "s-task-Info.plist"; sourceTree = SOURCE_ROOT; };
		ED41949F2B51D49B009D0E58 /* ProductListViewModel.swift */ = {isa = PBXFileReference; lastKnownFileType = sourcecode.swift; path = ProductListViewModel.swift; sourceTree = "<group>"; };
		EDBA1C002B570614004BC27F /* ProductDetail.swift */ = {isa = PBXFileReference; lastKnownFileType = sourcecode.swift; path = ProductDetail.swift; sourceTree = "<group>"; };
		FD55B6A62B5851A90030B4CD /* ProductDetailViewModel.swift */ = {isa = PBXFileReference; lastKnownFileType = sourcecode.swift; path = ProductDetailViewModel.swift; sourceTree = "<group>"; };
/* End PBXFileReference section */

/* Begin PBXFrameworksBuildPhase section */
		ED35CA502B50550500481EAC /* Frameworks */ = {
			isa = PBXFrameworksBuildPhase;
			buildActionMask = 2147483647;
			files = (
			);
			runOnlyForDeploymentPostprocessing = 0;
		};
/* End PBXFrameworksBuildPhase section */

/* Begin PBXGroup section */
		ED35CA4A2B50550500481EAC = {
			isa = PBXGroup;
			children = (
				ED35CA552B50550500481EAC /* s_task */,
				ED35CA542B50550500481EAC /* Products */,
			);
			sourceTree = "<group>";
		};
		ED35CA542B50550500481EAC /* Products */ = {
			isa = PBXGroup;
			children = (
				ED35CA532B50550500481EAC /* s_task.app */,
			);
			name = Products;
			sourceTree = "<group>";
		};
		ED35CA552B50550500481EAC /* s_task */ = {
			isa = PBXGroup;
			children = (
				ED41949E2B51D465009D0E58 /* ViewModel */,
				ED41949D2B51D45E009D0E58 /* View */,
				ED41949C2B51D3B9009D0E58 /* s-task-Info.plist */,
				ED4194972B51B797009D0E58 /* Model */,
				ED35CA642B50552500481EAC /* Service */,
				ED35CA562B50550500481EAC /* s_taskApp.swift */,
				ED35CA5A2B50550600481EAC /* Assets.xcassets */,
				ED35CA5C2B50550600481EAC /* Preview Content */,
			);
			path = s_task;
			sourceTree = "<group>";
		};
		ED35CA5C2B50550600481EAC /* Preview Content */ = {
			isa = PBXGroup;
			children = (
				ED35CA5D2B50550600481EAC /* Preview Assets.xcassets */,
			);
			path = "Preview Content";
			sourceTree = "<group>";
		};
		ED35CA642B50552500481EAC /* Service */ = {
			isa = PBXGroup;
			children = (
				ED35CA652B50554900481EAC /* NetworkService.swift */,
				ED026D332B55BBDE003BDCCF /* ImageCachingService.swift */,
			);
			path = Service;
			sourceTree = "<group>";
		};
		ED4194972B51B797009D0E58 /* Model */ = {
			isa = PBXGroup;
			children = (
				ED4194982B51B7AC009D0E58 /* DrugModel.swift */,
				ED026D372B55C1FB003BDCCF /* ImagesModel.swift */,
			);
			path = Model;
			sourceTree = "<group>";
		};
		ED41949D2B51D45E009D0E58 /* View */ = {
			isa = PBXGroup;
			children = (
				ED35CA582B50550500481EAC /* ProductList.swift */,
				ED026D392B55C847003BDCCF /* ProductCell.swift */,
				EDBA1C002B570614004BC27F /* ProductDetail.swift */,
			);
			path = View;
			sourceTree = "<group>";
		};
		ED41949E2B51D465009D0E58 /* ViewModel */ = {
			isa = PBXGroup;
			children = (
				ED41949F2B51D49B009D0E58 /* ProductListViewModel.swift */,
				FD55B6A62B5851A90030B4CD /* ProductDetailViewModel.swift */,
			);
			path = ViewModel;
			sourceTree = "<group>";
		};
/* End PBXGroup section */

/* Begin PBXNativeTarget section */
		ED35CA522B50550500481EAC /* s_task */ = {
			isa = PBXNativeTarget;
			buildConfigurationList = ED35CA612B50550600481EAC /* Build configuration list for PBXNativeTarget "s_task" */;
			buildPhases = (
				ED35CA4F2B50550500481EAC /* Sources */,
				ED35CA502B50550500481EAC /* Frameworks */,
				ED35CA512B50550500481EAC /* Resources */,
			);
			buildRules = (
			);
			dependencies = (
			);
			name = s_task;
			productName = s_task;
			productReference = ED35CA532B50550500481EAC /* s_task.app */;
			productType = "com.apple.product-type.application";
		};
/* End PBXNativeTarget section */

/* Begin PBXProject section */
		ED35CA4B2B50550500481EAC /* Project object */ = {
			isa = PBXProject;
			attributes = {
				BuildIndependentTargetsInParallel = 1;
				LastSwiftUpdateCheck = 1510;
				LastUpgradeCheck = 1510;
				TargetAttributes = {
					ED35CA522B50550500481EAC = {
						CreatedOnToolsVersion = 15.1;
					};
				};
			};
			buildConfigurationList = ED35CA4E2B50550500481EAC /* Build configuration list for PBXProject "s_task" */;
			compatibilityVersion = "Xcode 14.0";
			developmentRegion = en;
			hasScannedForEncodings = 0;
			knownRegions = (
				en,
				Base,
			);
			mainGroup = ED35CA4A2B50550500481EAC;
			productRefGroup = ED35CA542B50550500481EAC /* Products */;
			projectDirPath = "";
			projectRoot = "";
			targets = (
				ED35CA522B50550500481EAC /* s_task */,
			);
		};
/* End PBXProject section */

/* Begin PBXResourcesBuildPhase section */
		ED35CA512B50550500481EAC /* Resources */ = {
			isa = PBXResourcesBuildPhase;
			buildActionMask = 2147483647;
			files = (
				ED35CA5E2B50550600481EAC /* Preview Assets.xcassets in Resources */,
				ED35CA5B2B50550600481EAC /* Assets.xcassets in Resources */,
			);
			runOnlyForDeploymentPostprocessing = 0;
		};
/* End PBXResourcesBuildPhase section */

/* Begin PBXSourcesBuildPhase section */
		ED35CA4F2B50550500481EAC /* Sources */ = {
			isa = PBXSourcesBuildPhase;
			buildActionMask = 2147483647;
			files = (
				ED4194992B51B7AC009D0E58 /* DrugModel.swift in Sources */,
				ED4194A02B51D49B009D0E58 /* ProductListViewModel.swift in Sources */,
				EDBA1C012B570614004BC27F /* ProductDetail.swift in Sources */,
				FD55B6A72B5851A90030B4CD /* ProductDetailViewModel.swift in Sources */,
				ED35CA592B50550500481EAC /* ProductList.swift in Sources */,
				ED026D382B55C1FB003BDCCF /* ImagesModel.swift in Sources */,
				ED35CA662B50554900481EAC /* NetworkService.swift in Sources */,
				ED026D3A2B55C847003BDCCF /* ProductCell.swift in Sources */,
				ED026D342B55BBDE003BDCCF /* ImageCachingService.swift in Sources */,
				ED35CA572B50550500481EAC /* s_taskApp.swift in Sources */,
			);
			runOnlyForDeploymentPostprocessing = 0;
		};
/* End PBXSourcesBuildPhase section */

/* Begin XCBuildConfiguration section */
		ED35CA5F2B50550600481EAC /* Debug */ = {
			isa = XCBuildConfiguration;
			buildSettings = {
				ALWAYS_SEARCH_USER_PATHS = NO;
				ASSETCATALOG_COMPILER_GENERATE_SWIFT_ASSET_SYMBOL_EXTENSIONS = YES;
				CLANG_ANALYZER_NONNULL = YES;
				CLANG_ANALYZER_NUMBER_OBJECT_CONVERSION = YES_AGGRESSIVE;
				CLANG_CXX_LANGUAGE_STANDARD = "gnu++20";
				CLANG_ENABLE_MODULES = YES;
				CLANG_ENABLE_OBJC_ARC = YES;
				CLANG_ENABLE_OBJC_WEAK = YES;
				CLANG_WARN_BLOCK_CAPTURE_AUTORELEASING = YES;
				CLANG_WARN_BOOL_CONVERSION = YES;
				CLANG_WARN_COMMA = YES;
				CLANG_WARN_CONSTANT_CONVERSION = YES;
				CLANG_WARN_DEPRECATED_OBJC_IMPLEMENTATIONS = YES;
				CLANG_WARN_DIRECT_OBJC_ISA_USAGE = YES_ERROR;
				CLANG_WARN_DOCUMENTATION_COMMENTS = YES;
				CLANG_WARN_EMPTY_BODY = YES;
				CLANG_WARN_ENUM_CONVERSION = YES;
				CLANG_WARN_INFINITE_RECURSION = YES;
				CLANG_WARN_INT_CONVERSION = YES;
				CLANG_WARN_NON_LITERAL_NULL_CONVERSION = YES;
				CLANG_WARN_OBJC_IMPLICIT_RETAIN_SELF = YES;
				CLANG_WARN_OBJC_LITERAL_CONVERSION = YES;
				CLANG_WARN_OBJC_ROOT_CLASS = YES_ERROR;
				CLANG_WARN_QUOTED_INCLUDE_IN_FRAMEWORK_HEADER = YES;
				CLANG_WARN_RANGE_LOOP_ANALYSIS = YES;
				CLANG_WARN_STRICT_PROTOTYPES = YES;
				CLANG_WARN_SUSPICIOUS_MOVE = YES;
				CLANG_WARN_UNGUARDED_AVAILABILITY = YES_AGGRESSIVE;
				CLANG_WARN_UNREACHABLE_CODE = YES;
				CLANG_WARN__DUPLICATE_METHOD_MATCH = YES;
				COPY_PHASE_STRIP = NO;
				DEBUG_INFORMATION_FORMAT = dwarf;
				ENABLE_STRICT_OBJC_MSGSEND = YES;
				ENABLE_TESTABILITY = YES;
				ENABLE_USER_SCRIPT_SANDBOXING = YES;
				GCC_C_LANGUAGE_STANDARD = gnu17;
				GCC_DYNAMIC_NO_PIC = NO;
				GCC_NO_COMMON_BLOCKS = YES;
				GCC_OPTIMIZATION_LEVEL = 0;
				GCC_PREPROCESSOR_DEFINITIONS = (
					"DEBUG=1",
					"$(inherited)",
				);
				GCC_WARN_64_TO_32_BIT_CONVERSION = YES;
				GCC_WARN_ABOUT_RETURN_TYPE = YES_ERROR;
				GCC_WARN_UNDECLARED_SELECTOR = YES;
				GCC_WARN_UNINITIALIZED_AUTOS = YES_AGGRESSIVE;
				GCC_WARN_UNUSED_FUNCTION = YES;
				GCC_WARN_UNUSED_VARIABLE = YES;
				IPHONEOS_DEPLOYMENT_TARGET = 17.2;
				LOCALIZATION_PREFERS_STRING_CATALOGS = YES;
				MTL_ENABLE_DEBUG_INFO = INCLUDE_SOURCE;
				MTL_FAST_MATH = YES;
				ONLY_ACTIVE_ARCH = YES;
				SDKROOT = iphoneos;
				SWIFT_ACTIVE_COMPILATION_CONDITIONS = "DEBUG $(inherited)";
				SWIFT_OPTIMIZATION_LEVEL = "-Onone";
			};
			name = Debug;
		};
		ED35CA602B50550600481EAC /* Release */ = {
			isa = XCBuildConfiguration;
			buildSettings = {
				ALWAYS_SEARCH_USER_PATHS = NO;
				ASSETCATALOG_COMPILER_GENERATE_SWIFT_ASSET_SYMBOL_EXTENSIONS = YES;
				CLANG_ANALYZER_NONNULL = YES;
				CLANG_ANALYZER_NUMBER_OBJECT_CONVERSION = YES_AGGRESSIVE;
				CLANG_CXX_LANGUAGE_STANDARD = "gnu++20";
				CLANG_ENABLE_MODULES = YES;
				CLANG_ENABLE_OBJC_ARC = YES;
				CLANG_ENABLE_OBJC_WEAK = YES;
				CLANG_WARN_BLOCK_CAPTURE_AUTORELEASING = YES;
				CLANG_WARN_BOOL_CONVERSION = YES;
				CLANG_WARN_COMMA = YES;
				CLANG_WARN_CONSTANT_CONVERSION = YES;
				CLANG_WARN_DEPRECATED_OBJC_IMPLEMENTATIONS = YES;
				CLANG_WARN_DIRECT_OBJC_ISA_USAGE = YES_ERROR;
				CLANG_WARN_DOCUMENTATION_COMMENTS = YES;
				CLANG_WARN_EMPTY_BODY = YES;
				CLANG_WARN_ENUM_CONVERSION = YES;
				CLANG_WARN_INFINITE_RECURSION = YES;
				CLANG_WARN_INT_CONVERSION = YES;
				CLANG_WARN_NON_LITERAL_NULL_CONVERSION = YES;
				CLANG_WARN_OBJC_IMPLICIT_RETAIN_SELF = YES;
				CLANG_WARN_OBJC_LITERAL_CONVERSION = YES;
				CLANG_WARN_OBJC_ROOT_CLASS = YES_ERROR;
				CLANG_WARN_QUOTED_INCLUDE_IN_FRAMEWORK_HEADER = YES;
				CLANG_WARN_RANGE_LOOP_ANALYSIS = YES;
				CLANG_WARN_STRICT_PROTOTYPES = YES;
				CLANG_WARN_SUSPICIOUS_MOVE = YES;
				CLANG_WARN_UNGUARDED_AVAILABILITY = YES_AGGRESSIVE;
				CLANG_WARN_UNREACHABLE_CODE = YES;
				CLANG_WARN__DUPLICATE_METHOD_MATCH = YES;
				COPY_PHASE_STRIP = NO;
				DEBUG_INFORMATION_FORMAT = "dwarf-with-dsym";
				ENABLE_NS_ASSERTIONS = NO;
				ENABLE_STRICT_OBJC_MSGSEND = YES;
				ENABLE_USER_SCRIPT_SANDBOXING = YES;
				GCC_C_LANGUAGE_STANDARD = gnu17;
				GCC_NO_COMMON_BLOCKS = YES;
				GCC_WARN_64_TO_32_BIT_CONVERSION = YES;
				GCC_WARN_ABOUT_RETURN_TYPE = YES_ERROR;
				GCC_WARN_UNDECLARED_SELECTOR = YES;
				GCC_WARN_UNINITIALIZED_AUTOS = YES_AGGRESSIVE;
				GCC_WARN_UNUSED_FUNCTION = YES;
				GCC_WARN_UNUSED_VARIABLE = YES;
				IPHONEOS_DEPLOYMENT_TARGET = 17.2;
				LOCALIZATION_PREFERS_STRING_CATALOGS = YES;
				MTL_ENABLE_DEBUG_INFO = NO;
				MTL_FAST_MATH = YES;
				SDKROOT = iphoneos;
				SWIFT_COMPILATION_MODE = wholemodule;
				VALIDATE_PRODUCT = YES;
			};
			name = Release;
		};
		ED35CA622B50550600481EAC /* Debug */ = {
			isa = XCBuildConfiguration;
			buildSettings = {
				ASSETCATALOG_COMPILER_APPICON_NAME = AppIcon;
				ASSETCATALOG_COMPILER_GLOBAL_ACCENT_COLOR_NAME = AccentColor;
				CODE_SIGN_STYLE = Automatic;
				CURRENT_PROJECT_VERSION = 1;
				DEVELOPMENT_ASSET_PATHS = "\"s_task/Preview Content\"";
				DEVELOPMENT_TEAM = V5U2P47B4Y;
				ENABLE_PREVIEWS = YES;
				GENERATE_INFOPLIST_FILE = YES;
				INFOPLIST_FILE = "s-task-Info.plist";
				INFOPLIST_KEY_UIApplicationSceneManifest_Generation = YES;
				INFOPLIST_KEY_UIApplicationSupportsIndirectInputEvents = YES;
				INFOPLIST_KEY_UILaunchScreen_Generation = YES;
				INFOPLIST_KEY_UISupportedInterfaceOrientations_iPad = "UIInterfaceOrientationPortrait UIInterfaceOrientationPortraitUpsideDown UIInterfaceOrientationLandscapeLeft UIInterfaceOrientationLandscapeRight";
				INFOPLIST_KEY_UISupportedInterfaceOrientations_iPhone = "UIInterfaceOrientationPortrait UIInterfaceOrientationLandscapeLeft UIInterfaceOrientationLandscapeRight";
				LD_RUNPATH_SEARCH_PATHS = (
					"$(inherited)",
					"@executable_path/Frameworks",
				);
				MARKETING_VERSION = 1.0;
				PRODUCT_BUNDLE_IDENTIFIER = "maxOS.s-task";
				PRODUCT_NAME = "$(TARGET_NAME)";
				SWIFT_EMIT_LOC_STRINGS = YES;
				SWIFT_VERSION = 5.0;
				TARGETED_DEVICE_FAMILY = "1,2";
			};
			name = Debug;
		};
		ED35CA632B50550600481EAC /* Release */ = {
			isa = XCBuildConfiguration;
			buildSettings = {
				ASSETCATALOG_COMPILER_APPICON_NAME = AppIcon;
				ASSETCATALOG_COMPILER_GLOBAL_ACCENT_COLOR_NAME = AccentColor;
				CODE_SIGN_STYLE = Automatic;
				CURRENT_PROJECT_VERSION = 1;
				DEVELOPMENT_ASSET_PATHS = "\"s_task/Preview Content\"";
				DEVELOPMENT_TEAM = V5U2P47B4Y;
				ENABLE_PREVIEWS = YES;
				GENERATE_INFOPLIST_FILE = YES;
				INFOPLIST_FILE = "s-task-Info.plist";
				INFOPLIST_KEY_UIApplicationSceneManifest_Generation = YES;
				INFOPLIST_KEY_UIApplicationSupportsIndirectInputEvents = YES;
				INFOPLIST_KEY_UILaunchScreen_Generation = YES;
				INFOPLIST_KEY_UISupportedInterfaceOrientations_iPad = "UIInterfaceOrientationPortrait UIInterfaceOrientationPortraitUpsideDown UIInterfaceOrientationLandscapeLeft UIInterfaceOrientationLandscapeRight";
				INFOPLIST_KEY_UISupportedInterfaceOrientations_iPhone = "UIInterfaceOrientationPortrait UIInterfaceOrientationLandscapeLeft UIInterfaceOrientationLandscapeRight";
				LD_RUNPATH_SEARCH_PATHS = (
					"$(inherited)",
					"@executable_path/Frameworks",
				);
				MARKETING_VERSION = 1.0;
				PRODUCT_BUNDLE_IDENTIFIER = "maxOS.s-task";
				PRODUCT_NAME = "$(TARGET_NAME)";
				SWIFT_EMIT_LOC_STRINGS = YES;
				SWIFT_VERSION = 5.0;
				TARGETED_DEVICE_FAMILY = "1,2";
			};
			name = Release;
		};
/* End XCBuildConfiguration section */

/* Begin XCConfigurationList section */
		ED35CA4E2B50550500481EAC /* Build configuration list for PBXProject "s_task" */ = {
			isa = XCConfigurationList;
			buildConfigurations = (
				ED35CA5F2B50550600481EAC /* Debug */,
				ED35CA602B50550600481EAC /* Release */,
			);
			defaultConfigurationIsVisible = 0;
			defaultConfigurationName = Release;
		};
		ED35CA612B50550600481EAC /* Build configuration list for PBXNativeTarget "s_task" */ = {
			isa = XCConfigurationList;
			buildConfigurations = (
				ED35CA622B50550600481EAC /* Debug */,
				ED35CA632B50550600481EAC /* Release */,
			);
			defaultConfigurationIsVisible = 0;
			defaultConfigurationName = Release;
		};
/* End XCConfigurationList section */
	};
	rootObject = ED35CA4B2B50550500481EAC /* Project object */;
}
